
Microsoft Visual Studio Solution File, Format Version 12.00
# Visual Studio Version 17
VisualStudioVersion = 17.14.36518.9 d17.14
MinimumVisualStudioVersion = 10.0.40219.1
Project("{FAE04EC0-301F-11D3-BF4B-00C04F79EFBC}") = "PathNC_PowerMill_API_Beta_Version1.0", "PathNC_PowerMill_API_Beta_Version1.0\PathNC_PowerMill_API_Beta_Version1.0.csproj", "{5F97C349-3E37-483A-B6C1-2CAB166F07ED}"
EndProject
Global
	GlobalSection(SolutionConfigurationPlatforms) = preSolution
		Debug|Any CPU = Debug|Any CPU
		Release|Any CPU = Release|Any CPU
	EndGlobalSection
	GlobalSection(ProjectConfigurationPlatforms) = postSolution
		{5F97C349-3E37-483A-B6C1-2CAB166F07ED}.Debug|Any CPU.ActiveCfg = Debug|Any CPU
		{5F97C349-3E37-483A-B6C1-2CAB166F07ED}.Debug|Any CPU.Build.0 = Debug|Any CPU
		{5F97C349-3E37-483A-B6C1-2CAB166F07ED}.Release|Any CPU.ActiveCfg = Release|Any CPU
		{5F97C349-3E37-483A-B6C1-2CAB166F07ED}.Release|Any CPU.Build.0 = Release|Any CPU
	EndGlobalSection
	GlobalSection(SolutionProperties) = preSolution
		HideSolutionNode = FALSE
	EndGlobalSection
	GlobalSection(ExtensibilityGlobals) = postSolution
		SolutionGuid = {FE97BF40-5DB7-43CF-AC98-B4139F25115B}
	EndGlobalSection
EndGlobal
